
Microsoft Visual Studio Solution File, Format Version 12.00
# Visual Studio Version 17
VisualStudioVersion = 17.5.002.0
MinimumVisualStudioVersion = 10.0.40219.1
Project("{9A19103F-16F7-4668-BE54-9A1E7A4F7556}") = "ReferenceManager", "ReferenceManager\ReferenceManager.csproj", "{2CD2512D-20F1-4F83-BB2F-5FF51E70A820}"
EndProject
Global
	GlobalSection(SolutionConfigurationPlatforms) = preSolution
		Debug|Any CPU = Debug|Any CPU
		Release|Any CPU = Release|Any CPU
	EndGlobalSection
	GlobalSection(ProjectConfigurationPlatforms) = postSolution
		{2CD2512D-20F1-4F83-BB2F-5FF51E70A820}.Debug|Any CPU.ActiveCfg = Debug|Any CPU
		{2CD2512D-20F1-4F83-BB2F-5FF51E70A820}.Debug|Any CPU.Build.0 = Debug|Any CPU
		{2CD2512D-20F1-4F83-BB2F-5FF51E70A820}.Release|Any CPU.ActiveCfg = Release|Any CPU
		{2CD2512D-20F1-4F83-BB2F-5FF51E70A820}.Release|Any CPU.Build.0 = Release|Any CPU
	EndGlobalSection
	GlobalSection(SolutionProperties) = preSolution
		HideSolutionNode = FALSE
	EndGlobalSection
	GlobalSection(ExtensibilityGlobals) = postSolution
		SolutionGuid = {9935A1DB-3BA5-4003-8A1C-288D20042807}
	EndGlobalSection
EndGlobal
